
Microsoft Visual Studio Solution File, Format Version 12.00
# Visual Studio Version 16
VisualStudioVersion = 16.0.31729.503
MinimumVisualStudioVersion = 10.0.40219.1
Project("{D954291E-2A0B-460D-934E-DC6B0785DB48}") = "Zen.Uno.App.Shared", "Zen.Uno.App\Zen.Uno.App.Shared\Zen.Uno.App.Shared.shproj", "{6279C845-92F8-4333-AB99-3D213163593C}"
EndProject
Project("{2150E333-8FDC-42A3-9474-1A3956D46DE8}") = "Platforms", "Platforms", "{748DB859-3C63-4E1F-A316-60E374E1F009}"
EndProject
Project("{FAE04EC0-301F-11D3-BF4B-00C04F79EFBC}") = "Zen.Uno.App.Droid", "Zen.Uno.App\Zen.Uno.App.Droid\Zen.Uno.App.Droid.csproj", "{56D47EBF-B8FA-4F7E-A9EA-7220E80E0D58}"
EndProject
Project("{FAE04EC0-301F-11D3-BF4B-00C04F79EFBC}") = "Zen.Uno.App.iOS", "Zen.Uno.App\Zen.Uno.App.iOS\Zen.Uno.App.iOS.csproj", "{6B204364-F1CD-4E72-898A-E048D690F13C}"
EndProject
Project("{FAE04EC0-301F-11D3-BF4B-00C04F79EFBC}") = "Zen.Uno.App.UWP", "Zen.Uno.App\Zen.Uno.App.UWP\Zen.Uno.App.UWP.csproj", "{C75DD058-7B7D-4253-8C4A-3D43413A32AE}"
EndProject
Project("{FAE04EC0-301F-11D3-BF4B-00C04F79EFBC}") = "Zen.Uno.App.Wasm", "Zen.Uno.App\Zen.Uno.App.Wasm\Zen.Uno.App.Wasm.csproj", "{C6E66105-14C0-497F-B993-AEEF14CA73EB}"
EndProject
Project("{FAE04EC0-301F-11D3-BF4B-00C04F79EFBC}") = "Zen.Uno.App.macOS", "Zen.Uno.App\Zen.Uno.App.macOS\Zen.Uno.App.macOS.csproj", "{9FA1B22D-D060-47FE-A119-FC35895D5ADF}"
EndProject
Project("{FAE04EC0-301F-11D3-BF4B-00C04F79EFBC}") = "Zen.Uno.App.Skia.Wpf.Host", "Zen.Uno.App\Zen.Uno.App.Skia.Wpf.Host\Zen.Uno.App.Skia.Wpf.Host.csproj", "{4A0AA4FD-A889-4236-87BD-D2D4FB03C6F0}"
EndProject
Project("{FAE04EC0-301F-11D3-BF4B-00C04F79EFBC}") = "Zen.Uno.App.Skia.Wpf", "Zen.Uno.App\Zen.Uno.App.Skia.Wpf\Zen.Uno.App.Skia.Wpf.csproj", "{4709F57E-503F-411F-B5CC-A071A6F17268}"
EndProject
Project("{FAE04EC0-301F-11D3-BF4B-00C04F79EFBC}") = "Zen.Uno.App.Skia.Gtk", "Zen.Uno.App\Zen.Uno.App.Skia.Gtk\Zen.Uno.App.Skia.Gtk.csproj", "{1F14DB1C-3893-4E79-9BE8-14BB8285ADFF}"
EndProject
Project("{FAE04EC0-301F-11D3-BF4B-00C04F79EFBC}") = "Zen.Uno.App.Skia.Tizen", "Zen.Uno.App\Zen.Uno.App.Skia.Tizen\Zen.Uno.App.Skia.Tizen.csproj", "{28DC60A1-F6CE-4EE3-A65C-EEA4D70B14A4}"
EndProject
Global
	GlobalSection(SharedMSBuildProjectFiles) = preSolution
		Zen.Uno.App\Zen.Uno.App.Shared\Zen.Uno.App.Shared.projitems*{1f14db1c-3893-4e79-9be8-14bb8285adff}*SharedItemsImports = 5
		Zen.Uno.App\Zen.Uno.App.Shared\Zen.Uno.App.Shared.projitems*{28dc60a1-f6ce-4ee3-a65c-eea4d70b14a4}*SharedItemsImports = 5
		Zen.Uno.App\Zen.Uno.App.Shared\Zen.Uno.App.Shared.projitems*{4709f57e-503f-411f-b5cc-a071a6f17268}*SharedItemsImports = 5
		Zen.Uno.App\Zen.Uno.App.Shared\Zen.Uno.App.Shared.projitems*{56d47ebf-b8fa-4f7e-a9ea-7220e80e0d58}*SharedItemsImports = 4
		Zen.Uno.App\Zen.Uno.App.Shared\Zen.Uno.App.Shared.projitems*{6279c845-92f8-4333-ab99-3d213163593c}*SharedItemsImports = 13
		Zen.Uno.App\Zen.Uno.App.Shared\Zen.Uno.App.Shared.projitems*{6b204364-f1cd-4e72-898a-e048d690f13c}*SharedItemsImports = 4
		Zen.Uno.App\Zen.Uno.App.Shared\Zen.Uno.App.Shared.projitems*{9fa1b22d-d060-47fe-a119-fc35895d5adf}*SharedItemsImports = 4
		Zen.Uno.App\Zen.Uno.App.Shared\Zen.Uno.App.Shared.projitems*{c6e66105-14c0-497f-b993-aeef14ca73eb}*SharedItemsImports = 5
		Zen.Uno.App\Zen.Uno.App.Shared\Zen.Uno.App.Shared.projitems*{c75dd058-7b7d-4253-8c4a-3d43413a32ae}*SharedItemsImports = 4
	EndGlobalSection
	GlobalSection(SolutionConfigurationPlatforms) = preSolution
		Ad-Hoc|Any CPU = Ad-Hoc|Any CPU
		Ad-Hoc|ARM = Ad-Hoc|ARM
		Ad-Hoc|ARM64 = Ad-Hoc|ARM64
		Ad-Hoc|iPhone = Ad-Hoc|iPhone
		Ad-Hoc|iPhoneSimulator = Ad-Hoc|iPhoneSimulator
		Ad-Hoc|x64 = Ad-Hoc|x64
		Ad-Hoc|x86 = Ad-Hoc|x86
		AppStore|Any CPU = AppStore|Any CPU
		AppStore|ARM = AppStore|ARM
		AppStore|ARM64 = AppStore|ARM64
		AppStore|iPhone = AppStore|iPhone
		AppStore|iPhoneSimulator = AppStore|iPhoneSimulator
		AppStore|x64 = AppStore|x64
		AppStore|x86 = AppStore|x86
		Debug|Any CPU = Debug|Any CPU
		Debug|ARM = Debug|ARM
		Debug|ARM64 = Debug|ARM64
		Debug|iPhone = Debug|iPhone
		Debug|iPhoneSimulator = Debug|iPhoneSimulator
		Debug|x64 = Debug|x64
		Debug|x86 = Debug|x86
		Release|Any CPU = Release|Any CPU
		Release|ARM = Release|ARM
		Release|ARM64 = Release|ARM64
		Release|iPhone = Release|iPhone
		Release|iPhoneSimulator = Release|iPhoneSimulator
		Release|x64 = Release|x64
		Release|x86 = Release|x86
	EndGlobalSection
	GlobalSection(ProjectConfigurationPlatforms) = postSolution
		{56D47EBF-B8FA-4F7E-A9EA-7220E80E0D58}.Ad-Hoc|Any CPU.ActiveCfg = Debug|Any CPU
		{56D47EBF-B8FA-4F7E-A9EA-7220E80E0D58}.Ad-Hoc|Any CPU.Build.0 = Debug|Any CPU
		{56D47EBF-B8FA-4F7E-A9EA-7220E80E0D58}.Ad-Hoc|Any CPU.Deploy.0 = Debug|Any CPU
		{56D47EBF-B8FA-4F7E-A9EA-7220E80E0D58}.Ad-Hoc|ARM.ActiveCfg = Debug|Any CPU
		{56D47EBF-B8FA-4F7E-A9EA-7220E80E0D58}.Ad-Hoc|ARM.Build.0 = Debug|Any CPU
		{56D47EBF-B8FA-4F7E-A9EA-7220E80E0D58}.Ad-Hoc|ARM.Deploy.0 = Debug|Any CPU
		{56D47EBF-B8FA-4F7E-A9EA-7220E80E0D58}.Ad-Hoc|ARM64.ActiveCfg = Debug|Any CPU
		{56D47EBF-B8FA-4F7E-A9EA-7220E80E0D58}.Ad-Hoc|ARM64.Build.0 = Debug|Any CPU
		{56D47EBF-B8FA-4F7E-A9EA-7220E80E0D58}.Ad-Hoc|ARM64.Deploy.0 = Debug|Any CPU
		{56D47EBF-B8FA-4F7E-A9EA-7220E80E0D58}.Ad-Hoc|iPhone.ActiveCfg = Debug|Any CPU
		{56D47EBF-B8FA-4F7E-A9EA-7220E80E0D58}.Ad-Hoc|iPhone.Build.0 = Debug|Any CPU
		{56D47EBF-B8FA-4F7E-A9EA-7220E80E0D58}.Ad-Hoc|iPhone.Deploy.0 = Debug|Any CPU
		{56D47EBF-B8FA-4F7E-A9EA-7220E80E0D58}.Ad-Hoc|iPhoneSimulator.ActiveCfg = Debug|Any CPU
		{56D47EBF-B8FA-4F7E-A9EA-7220E80E0D58}.Ad-Hoc|iPhoneSimulator.Build.0 = Debug|Any CPU
		{56D47EBF-B8FA-4F7E-A9EA-7220E80E0D58}.Ad-Hoc|iPhoneSimulator.Deploy.0 = Debug|Any CPU
		{56D47EBF-B8FA-4F7E-A9EA-7220E80E0D58}.Ad-Hoc|x64.ActiveCfg = Debug|Any CPU
		{56D47EBF-B8FA-4F7E-A9EA-7220E80E0D58}.Ad-Hoc|x64.Build.0 = Debug|Any CPU
		{56D47EBF-B8FA-4F7E-A9EA-7220E80E0D58}.Ad-Hoc|x64.Deploy.0 = Debug|Any CPU
		{56D47EBF-B8FA-4F7E-A9EA-7220E80E0D58}.Ad-Hoc|x86.ActiveCfg = Debug|Any CPU
		{56D47EBF-B8FA-4F7E-A9EA-7220E80E0D58}.Ad-Hoc|x86.Build.0 = Debug|Any CPU
		{56D47EBF-B8FA-4F7E-A9EA-7220E80E0D58}.Ad-Hoc|x86.Deploy.0 = Debug|Any CPU
		{56D47EBF-B8FA-4F7E-A9EA-7220E80E0D58}.AppStore|Any CPU.ActiveCfg = Debug|Any CPU
		{56D47EBF-B8FA-4F7E-A9EA-7220E80E0D58}.AppStore|Any CPU.Build.0 = Debug|Any CPU
		{56D47EBF-B8FA-4F7E-A9EA-7220E80E0D58}.AppStore|Any CPU.Deploy.0 = Debug|Any CPU
		{56D47EBF-B8FA-4F7E-A9EA-7220E80E0D58}.AppStore|ARM.ActiveCfg = Debug|Any CPU
		{56D47EBF-B8FA-4F7E-A9EA-7220E80E0D58}.AppStore|ARM.Build.0 = Debug|Any CPU
		{56D47EBF-B8FA-4F7E-A9EA-7220E80E0D58}.AppStore|ARM.Deploy.0 = Debug|Any CPU
		{56D47EBF-B8FA-4F7E-A9EA-7220E80E0D58}.AppStore|ARM64.ActiveCfg = Debug|Any CPU
		{56D47EBF-B8FA-4F7E-A9EA-7220E80E0D58}.AppStore|ARM64.Build.0 = Debug|Any CPU
		{56D47EBF-B8FA-4F7E-A9EA-7220E80E0D58}.AppStore|ARM64.Deploy.0 = Debug|Any CPU
		{56D47EBF-B8FA-4F7E-A9EA-7220E80E0D58}.AppStore|iPhone.ActiveCfg = Debug|Any CPU
		{56D47EBF-B8FA-4F7E-A9EA-7220E80E0D58}.AppStore|iPhone.Build.0 = Debug|Any CPU
		{56D47EBF-B8FA-4F7E-A9EA-7220E80E0D58}.AppStore|iPhone.Deploy.0 = Debug|Any CPU
		{56D47EBF-B8FA-4F7E-A9EA-7220E80E0D58}.AppStore|iPhoneSimulator.ActiveCfg = Debug|Any CPU
		{56D47EBF-B8FA-4F7E-A9EA-7220E80E0D58}.AppStore|iPhoneSimulator.Build.0 = Debug|Any CPU
		{56D47EBF-B8FA-4F7E-A9EA-7220E80E0D58}.AppStore|iPhoneSimulator.Deploy.0 = Debug|Any CPU
		{56D47EBF-B8FA-4F7E-A9EA-7220E80E0D58}.AppStore|x64.ActiveCfg = Debug|Any CPU
		{56D47EBF-B8FA-4F7E-A9EA-7220E80E0D58}.AppStore|x64.Build.0 = Debug|Any CPU
		{56D47EBF-B8FA-4F7E-A9EA-7220E80E0D58}.AppStore|x64.Deploy.0 = Debug|Any CPU
		{56D47EBF-B8FA-4F7E-A9EA-7220E80E0D58}.AppStore|x86.ActiveCfg = Debug|Any CPU
		{56D47EBF-B8FA-4F7E-A9EA-7220E80E0D58}.AppStore|x86.Build.0 = Debug|Any CPU
		{56D47EBF-B8FA-4F7E-A9EA-7220E80E0D58}.AppStore|x86.Deploy.0 = Debug|Any CPU
		{56D47EBF-B8FA-4F7E-A9EA-7220E80E0D58}.Debug|Any CPU.ActiveCfg = Debug|Any CPU
		{56D47EBF-B8FA-4F7E-A9EA-7220E80E0D58}.Debug|Any CPU.Build.0 = Debug|Any CPU
		{56D47EBF-B8FA-4F7E-A9EA-7220E80E0D58}.Debug|Any CPU.Deploy.0 = Debug|Any CPU
		{56D47EBF-B8FA-4F7E-A9EA-7220E80E0D58}.Debug|ARM.ActiveCfg = Debug|Any CPU
		{56D47EBF-B8FA-4F7E-A9EA-7220E80E0D58}.Debug|ARM.Build.0 = Debug|Any CPU
		{56D47EBF-B8FA-4F7E-A9EA-7220E80E0D58}.Debug|ARM.Deploy.0 = Debug|Any CPU
		{56D47EBF-B8FA-4F7E-A9EA-7220E80E0D58}.Debug|ARM64.ActiveCfg = Debug|Any CPU
		{56D47EBF-B8FA-4F7E-A9EA-7220E80E0D58}.Debug|ARM64.Build.0 = Debug|Any CPU
		{56D47EBF-B8FA-4F7E-A9EA-7220E80E0D58}.Debug|ARM64.Deploy.0 = Debug|Any CPU
		{56D47EBF-B8FA-4F7E-A9EA-7220E80E0D58}.Debug|iPhone.ActiveCfg = Debug|Any CPU
		{56D47EBF-B8FA-4F7E-A9EA-7220E80E0D58}.Debug|iPhone.Build.0 = Debug|Any CPU
		{56D47EBF-B8FA-4F7E-A9EA-7220E80E0D58}.Debug|iPhone.Deploy.0 = Debug|Any CPU
		{56D47EBF-B8FA-4F7E-A9EA-7220E80E0D58}.Debug|iPhoneSimulator.ActiveCfg = Debug|Any CPU
		{56D47EBF-B8FA-4F7E-A9EA-7220E80E0D58}.Debug|iPhoneSimulator.Build.0 = Debug|Any CPU
		{56D47EBF-B8FA-4F7E-A9EA-7220E80E0D58}.Debug|iPhoneSimulator.Deploy.0 = Debug|Any CPU
		{56D47EBF-B8FA-4F7E-A9EA-7220E80E0D58}.Debug|x64.ActiveCfg = Debug|Any CPU
		{56D47EBF-B8FA-4F7E-A9EA-7220E80E0D58}.Debug|x64.Build.0 = Debug|Any CPU
		{56D47EBF-B8FA-4F7E-A9EA-7220E80E0D58}.Debug|x64.Deploy.0 = Debug|Any CPU
		{56D47EBF-B8FA-4F7E-A9EA-7220E80E0D58}.Debug|x86.ActiveCfg = Debug|Any CPU
		{56D47EBF-B8FA-4F7E-A9EA-7220E80E0D58}.Debug|x86.Build.0 = Debug|Any CPU
		{56D47EBF-B8FA-4F7E-A9EA-7220E80E0D58}.Debug|x86.Deploy.0 = Debug|Any CPU
		{56D47EBF-B8FA-4F7E-A9EA-7220E80E0D58}.Release|Any CPU.ActiveCfg = Release|Any CPU
		{56D47EBF-B8FA-4F7E-A9EA-7220E80E0D58}.Release|Any CPU.Build.0 = Release|Any CPU
		{56D47EBF-B8FA-4F7E-A9EA-7220E80E0D58}.Release|Any CPU.Deploy.0 = Release|Any CPU
		{56D47EBF-B8FA-4F7E-A9EA-7220E80E0D58}.Release|ARM.ActiveCfg = Release|Any CPU
		{56D47EBF-B8FA-4F7E-A9EA-7220E80E0D58}.Release|ARM.Build.0 = Release|Any CPU
		{56D47EBF-B8FA-4F7E-A9EA-7220E80E0D58}.Release|ARM.Deploy.0 = Release|Any CPU
		{56D47EBF-B8FA-4F7E-A9EA-7220E80E0D58}.Release|ARM64.ActiveCfg = Release|Any CPU
		{56D47EBF-B8FA-4F7E-A9EA-7220E80E0D58}.Release|ARM64.Build.0 = Release|Any CPU
		{56D47EBF-B8FA-4F7E-A9EA-7220E80E0D58}.Release|ARM64.Deploy.0 = Release|Any CPU
		{56D47EBF-B8FA-4F7E-A9EA-7220E80E0D58}.Release|iPhone.ActiveCfg = Release|Any CPU
		{56D47EBF-B8FA-4F7E-A9EA-7220E80E0D58}.Release|iPhone.Build.0 = Release|Any CPU
		{56D47EBF-B8FA-4F7E-A9EA-7220E80E0D58}.Release|iPhone.Deploy.0 = Release|Any CPU
		{56D47EBF-B8FA-4F7E-A9EA-7220E80E0D58}.Release|iPhoneSimulator.ActiveCfg = Release|Any CPU
		{56D47EBF-B8FA-4F7E-A9EA-7220E80E0D58}.Release|iPhoneSimulator.Build.0 = Release|Any CPU
		{56D47EBF-B8FA-4F7E-A9EA-7220E80E0D58}.Release|iPhoneSimulator.Deploy.0 = Release|Any CPU
		{56D47EBF-B8FA-4F7E-A9EA-7220E80E0D58}.Release|x64.ActiveCfg = Release|Any CPU
		{56D47EBF-B8FA-4F7E-A9EA-7220E80E0D58}.Release|x64.Build.0 = Release|Any CPU
		{56D47EBF-B8FA-4F7E-A9EA-7220E80E0D58}.Release|x64.Deploy.0 = Release|Any CPU
		{56D47EBF-B8FA-4F7E-A9EA-7220E80E0D58}.Release|x86.ActiveCfg = Release|Any CPU
		{56D47EBF-B8FA-4F7E-A9EA-7220E80E0D58}.Release|x86.Build.0 = Release|Any CPU
		{56D47EBF-B8FA-4F7E-A9EA-7220E80E0D58}.Release|x86.Deploy.0 = Release|Any CPU
		{6B204364-F1CD-4E72-898A-E048D690F13C}.Ad-Hoc|Any CPU.ActiveCfg = Ad-Hoc|iPhoneSimulator
		{6B204364-F1CD-4E72-898A-E048D690F13C}.Ad-Hoc|ARM.ActiveCfg = Ad-Hoc|iPhoneSimulator
		{6B204364-F1CD-4E72-898A-E048D690F13C}.Ad-Hoc|ARM64.ActiveCfg = Ad-Hoc|iPhoneSimulator
		{6B204364-F1CD-4E72-898A-E048D690F13C}.Ad-Hoc|iPhone.ActiveCfg = Ad-Hoc|iPhone
		{6B204364-F1CD-4E72-898A-E048D690F13C}.Ad-Hoc|iPhone.Build.0 = Ad-Hoc|iPhone
		{6B204364-F1CD-4E72-898A-E048D690F13C}.Ad-Hoc|iPhoneSimulator.ActiveCfg = Ad-Hoc|iPhoneSimulator
		{6B204364-F1CD-4E72-898A-E048D690F13C}.Ad-Hoc|iPhoneSimulator.Build.0 = Ad-Hoc|iPhoneSimulator
		{6B204364-F1CD-4E72-898A-E048D690F13C}.Ad-Hoc|x64.ActiveCfg = Ad-Hoc|iPhoneSimulator
		{6B204364-F1CD-4E72-898A-E048D690F13C}.Ad-Hoc|x86.ActiveCfg = Ad-Hoc|iPhoneSimulator
		{6B204364-F1CD-4E72-898A-E048D690F13C}.AppStore|Any CPU.ActiveCfg = AppStore|iPhoneSimulator
		{6B204364-F1CD-4E72-898A-E048D690F13C}.AppStore|ARM.ActiveCfg = AppStore|iPhoneSimulator
		{6B204364-F1CD-4E72-898A-E048D690F13C}.AppStore|ARM64.ActiveCfg = AppStore|iPhoneSimulator
		{6B204364-F1CD-4E72-898A-E048D690F13C}.AppStore|iPhone.ActiveCfg = AppStore|iPhone
		{6B204364-F1CD-4E72-898A-E048D690F13C}.AppStore|iPhone.Build.0 = AppStore|iPhone
		{6B204364-F1CD-4E72-898A-E048D690F13C}.AppStore|iPhoneSimulator.ActiveCfg = AppStore|iPhoneSimulator
		{6B204364-F1CD-4E72-898A-E048D690F13C}.AppStore|iPhoneSimulator.Build.0 = AppStore|iPhoneSimulator
		{6B204364-F1CD-4E72-898A-E048D690F13C}.AppStore|x64.ActiveCfg = AppStore|iPhoneSimulator
		{6B204364-F1CD-4E72-898A-E048D690F13C}.AppStore|x86.ActiveCfg = AppStore|iPhoneSimulator
		{6B204364-F1CD-4E72-898A-E048D690F13C}.Debug|Any CPU.ActiveCfg = Debug|iPhoneSimulator
		{6B204364-F1CD-4E72-898A-E048D690F13C}.Debug|ARM.ActiveCfg = Debug|iPhoneSimulator
		{6B204364-F1CD-4E72-898A-E048D690F13C}.Debug|ARM64.ActiveCfg = Debug|iPhoneSimulator
		{6B204364-F1CD-4E72-898A-E048D690F13C}.Debug|iPhone.ActiveCfg = Debug|iPhone
		{6B204364-F1CD-4E72-898A-E048D690F13C}.Debug|iPhone.Build.0 = Debug|iPhone
		{6B204364-F1CD-4E72-898A-E048D690F13C}.Debug|iPhoneSimulator.ActiveCfg = Debug|iPhoneSimulator
		{6B204364-F1CD-4E72-898A-E048D690F13C}.Debug|iPhoneSimulator.Build.0 = Debug|iPhoneSimulator
		{6B204364-F1CD-4E72-898A-E048D690F13C}.Debug|x64.ActiveCfg = Debug|iPhoneSimulator
		{6B204364-F1CD-4E72-898A-E048D690F13C}.Debug|x86.ActiveCfg = Debug|iPhoneSimulator
		{6B204364-F1CD-4E72-898A-E048D690F13C}.Release|Any CPU.ActiveCfg = Release|iPhoneSimulator
		{6B204364-F1CD-4E72-898A-E048D690F13C}.Release|ARM.ActiveCfg = Release|iPhoneSimulator
		{6B204364-F1CD-4E72-898A-E048D690F13C}.Release|ARM64.ActiveCfg = Release|iPhoneSimulator
		{6B204364-F1CD-4E72-898A-E048D690F13C}.Release|iPhone.ActiveCfg = Release|iPhone
		{6B204364-F1CD-4E72-898A-E048D690F13C}.Release|iPhone.Build.0 = Release|iPhone
		{6B204364-F1CD-4E72-898A-E048D690F13C}.Release|iPhoneSimulator.ActiveCfg = Release|iPhoneSimulator
		{6B204364-F1CD-4E72-898A-E048D690F13C}.Release|iPhoneSimulator.Build.0 = Release|iPhoneSimulator
		{6B204364-F1CD-4E72-898A-E048D690F13C}.Release|x64.ActiveCfg = Release|iPhoneSimulator
		{6B204364-F1CD-4E72-898A-E048D690F13C}.Release|x86.ActiveCfg = Release|iPhoneSimulator
		{C75DD058-7B7D-4253-8C4A-3D43413A32AE}.Ad-Hoc|Any CPU.ActiveCfg = Debug|x86
		{C75DD058-7B7D-4253-8C4A-3D43413A32AE}.Ad-Hoc|Any CPU.Build.0 = Debug|x86
		{C75DD058-7B7D-4253-8C4A-3D43413A32AE}.Ad-Hoc|Any CPU.Deploy.0 = Debug|x86
		{C75DD058-7B7D-4253-8C4A-3D43413A32AE}.Ad-Hoc|ARM.ActiveCfg = Debug|ARM
		{C75DD058-7B7D-4253-8C4A-3D43413A32AE}.Ad-Hoc|ARM.Build.0 = Debug|ARM
		{C75DD058-7B7D-4253-8C4A-3D43413A32AE}.Ad-Hoc|ARM.Deploy.0 = Debug|ARM
		{C75DD058-7B7D-4253-8C4A-3D43413A32AE}.Ad-Hoc|ARM64.ActiveCfg = Debug|ARM64
		{C75DD058-7B7D-4253-8C4A-3D43413A32AE}.Ad-Hoc|ARM64.Build.0 = Debug|ARM64
		{C75DD058-7B7D-4253-8C4A-3D43413A32AE}.Ad-Hoc|ARM64.Deploy.0 = Debug|ARM64
		{C75DD058-7B7D-4253-8C4A-3D43413A32AE}.Ad-Hoc|iPhone.ActiveCfg = Debug|x86
		{C75DD058-7B7D-4253-8C4A-3D43413A32AE}.Ad-Hoc|iPhone.Build.0 = Debug|x86
		{C75DD058-7B7D-4253-8C4A-3D43413A32AE}.Ad-Hoc|iPhone.Deploy.0 = Debug|x86
		{C75DD058-7B7D-4253-8C4A-3D43413A32AE}.Ad-Hoc|iPhoneSimulator.ActiveCfg = Debug|x86
		{C75DD058-7B7D-4253-8C4A-3D43413A32AE}.Ad-Hoc|iPhoneSimulator.Build.0 = Debug|x86
		{C75DD058-7B7D-4253-8C4A-3D43413A32AE}.Ad-Hoc|iPhoneSimulator.Deploy.0 = Debug|x86
		{C75DD058-7B7D-4253-8C4A-3D43413A32AE}.Ad-Hoc|x64.ActiveCfg = Debug|x64
		{C75DD058-7B7D-4253-8C4A-3D43413A32AE}.Ad-Hoc|x64.Build.0 = Debug|x64
		{C75DD058-7B7D-4253-8C4A-3D43413A32AE}.Ad-Hoc|x64.Deploy.0 = Debug|x64
		{C75DD058-7B7D-4253-8C4A-3D43413A32AE}.Ad-Hoc|x86.ActiveCfg = Debug|x86
		{C75DD058-7B7D-4253-8C4A-3D43413A32AE}.Ad-Hoc|x86.Build.0 = Debug|x86
		{C75DD058-7B7D-4253-8C4A-3D43413A32AE}.Ad-Hoc|x86.Deploy.0 = Debug|x86
		{C75DD058-7B7D-4253-8C4A-3D43413A32AE}.AppStore|Any CPU.ActiveCfg = Debug|x86
		{C75DD058-7B7D-4253-8C4A-3D43413A32AE}.AppStore|Any CPU.Build.0 = Debug|x86
		{C75DD058-7B7D-4253-8C4A-3D43413A32AE}.AppStore|Any CPU.Deploy.0 = Debug|x86
		{C75DD058-7B7D-4253-8C4A-3D43413A32AE}.AppStore|ARM.ActiveCfg = Debug|ARM
		{C75DD058-7B7D-4253-8C4A-3D43413A32AE}.AppStore|ARM.Build.0 = Debug|ARM
		{C75DD058-7B7D-4253-8C4A-3D43413A32AE}.AppStore|ARM.Deploy.0 = Debug|ARM
		{C75DD058-7B7D-4253-8C4A-3D43413A32AE}.AppStore|ARM64.ActiveCfg = Debug|ARM64
		{C75DD058-7B7D-4253-8C4A-3D43413A32AE}.AppStore|ARM64.Build.0 = Debug|ARM64
		{C75DD058-7B7D-4253-8C4A-3D43413A32AE}.AppStore|ARM64.Deploy.0 = Debug|ARM64
		{C75DD058-7B7D-4253-8C4A-3D43413A32AE}.AppStore|iPhone.ActiveCfg = Debug|x86
		{C75DD058-7B7D-4253-8C4A-3D43413A32AE}.AppStore|iPhone.Build.0 = Debug|x86
		{C75DD058-7B7D-4253-8C4A-3D43413A32AE}.AppStore|iPhone.Deploy.0 = Debug|x86
		{C75DD058-7B7D-4253-8C4A-3D43413A32AE}.AppStore|iPhoneSimulator.ActiveCfg = Debug|x86
		{C75DD058-7B7D-4253-8C4A-3D43413A32AE}.AppStore|iPhoneSimulator.Build.0 = Debug|x86
		{C75DD058-7B7D-4253-8C4A-3D43413A32AE}.AppStore|iPhoneSimulator.Deploy.0 = Debug|x86
		{C75DD058-7B7D-4253-8C4A-3D43413A32AE}.AppStore|x64.ActiveCfg = Debug|x64
		{C75DD058-7B7D-4253-8C4A-3D43413A32AE}.AppStore|x64.Build.0 = Debug|x64
		{C75DD058-7B7D-4253-8C4A-3D43413A32AE}.AppStore|x64.Deploy.0 = Debug|x64
		{C75DD058-7B7D-4253-8C4A-3D43413A32AE}.AppStore|x86.ActiveCfg = Debug|x86
		{C75DD058-7B7D-4253-8C4A-3D43413A32AE}.AppStore|x86.Build.0 = Debug|x86
		{C75DD058-7B7D-4253-8C4A-3D43413A32AE}.AppStore|x86.Deploy.0 = Debug|x86
		{C75DD058-7B7D-4253-8C4A-3D43413A32AE}.Debug|Any CPU.ActiveCfg = Debug|x86
		{C75DD058-7B7D-4253-8C4A-3D43413A32AE}.Debug|Any CPU.Build.0 = Debug|x86
		{C75DD058-7B7D-4253-8C4A-3D43413A32AE}.Debug|Any CPU.Deploy.0 = Debug|x86
		{C75DD058-7B7D-4253-8C4A-3D43413A32AE}.Debug|ARM.ActiveCfg = Debug|ARM
		{C75DD058-7B7D-4253-8C4A-3D43413A32AE}.Debug|ARM.Build.0 = Debug|ARM
		{C75DD058-7B7D-4253-8C4A-3D43413A32AE}.Debug|ARM.Deploy.0 = Debug|ARM
		{C75DD058-7B7D-4253-8C4A-3D43413A32AE}.Debug|ARM64.ActiveCfg = Debug|ARM64
		{C75DD058-7B7D-4253-8C4A-3D43413A32AE}.Debug|ARM64.Build.0 = Debug|ARM64
		{C75DD058-7B7D-4253-8C4A-3D43413A32AE}.Debug|ARM64.Deploy.0 = Debug|ARM64
		{C75DD058-7B7D-4253-8C4A-3D43413A32AE}.Debug|iPhone.ActiveCfg = Debug|x86
		{C75DD058-7B7D-4253-8C4A-3D43413A32AE}.Debug|iPhoneSimulator.ActiveCfg = Debug|x86
		{C75DD058-7B7D-4253-8C4A-3D43413A32AE}.Debug|x64.ActiveCfg = Debug|x64
		{C75DD058-7B7D-4253-8C4A-3D43413A32AE}.Debug|x64.Build.0 = Debug|x64
		{C75DD058-7B7D-4253-8C4A-3D43413A32AE}.Debug|x64.Deploy.0 = Debug|x64
		{C75DD058-7B7D-4253-8C4A-3D43413A32AE}.Debug|x86.ActiveCfg = Debug|x86
		{C75DD058-7B7D-4253-8C4A-3D43413A32AE}.Debug|x86.Build.0 = Debug|x86
		{C75DD058-7B7D-4253-8C4A-3D43413A32AE}.Debug|x86.Deploy.0 = Debug|x86
		{C75DD058-7B7D-4253-8C4A-3D43413A32AE}.Release|Any CPU.ActiveCfg = Release|x86
		{C75DD058-7B7D-4253-8C4A-3D43413A32AE}.Release|ARM.ActiveCfg = Release|ARM
		{C75DD058-7B7D-4253-8C4A-3D43413A32AE}.Release|ARM.Build.0 = Release|ARM
		{C75DD058-7B7D-4253-8C4A-3D43413A32AE}.Release|ARM.Deploy.0 = Release|ARM
		{C75DD058-7B7D-4253-8C4A-3D43413A32AE}.Release|ARM64.ActiveCfg = Release|ARM64
		{C75DD058-7B7D-4253-8C4A-3D43413A32AE}.Release|ARM64.Build.0 = Release|ARM64
		{C75DD058-7B7D-4253-8C4A-3D43413A32AE}.Release|ARM64.Deploy.0 = Release|ARM64
		{C75DD058-7B7D-4253-8C4A-3D43413A32AE}.Release|iPhone.ActiveCfg = Release|x86
		{C75DD058-7B7D-4253-8C4A-3D43413A32AE}.Release|iPhoneSimulator.ActiveCfg = Release|x86
		{C75DD058-7B7D-4253-8C4A-3D43413A32AE}.Release|x64.ActiveCfg = Release|x64
		{C75DD058-7B7D-4253-8C4A-3D43413A32AE}.Release|x64.Build.0 = Release|x64
		{C75DD058-7B7D-4253-8C4A-3D43413A32AE}.Release|x64.Deploy.0 = Release|x64
		{C75DD058-7B7D-4253-8C4A-3D43413A32AE}.Release|x86.ActiveCfg = Release|x86
		{C75DD058-7B7D-4253-8C4A-3D43413A32AE}.Release|x86.Build.0 = Release|x86
		{C75DD058-7B7D-4253-8C4A-3D43413A32AE}.Release|x86.Deploy.0 = Release|x86
		{C6E66105-14C0-497F-B993-AEEF14CA73EB}.Ad-Hoc|Any CPU.ActiveCfg = Debug|Any CPU
		{C6E66105-14C0-497F-B993-AEEF14CA73EB}.Ad-Hoc|Any CPU.Build.0 = Debug|Any CPU
		{C6E66105-14C0-497F-B993-AEEF14CA73EB}.Ad-Hoc|ARM.ActiveCfg = Debug|Any CPU
		{C6E66105-14C0-497F-B993-AEEF14CA73EB}.Ad-Hoc|ARM.Build.0 = Debug|Any CPU
		{C6E66105-14C0-497F-B993-AEEF14CA73EB}.Ad-Hoc|ARM64.ActiveCfg = Debug|Any CPU
		{C6E66105-14C0-497F-B993-AEEF14CA73EB}.Ad-Hoc|ARM64.Build.0 = Debug|Any CPU
		{C6E66105-14C0-497F-B993-AEEF14CA73EB}.Ad-Hoc|iPhone.ActiveCfg = Debug|Any CPU
		{C6E66105-14C0-497F-B993-AEEF14CA73EB}.Ad-Hoc|iPhone.Build.0 = Debug|Any CPU
		{C6E66105-14C0-497F-B993-AEEF14CA73EB}.Ad-Hoc|iPhoneSimulator.ActiveCfg = Debug|Any CPU
		{C6E66105-14C0-497F-B993-AEEF14CA73EB}.Ad-Hoc|iPhoneSimulator.Build.0 = Debug|Any CPU
		{C6E66105-14C0-497F-B993-AEEF14CA73EB}.Ad-Hoc|x64.ActiveCfg = Debug|Any CPU
		{C6E66105-14C0-497F-B993-AEEF14CA73EB}.Ad-Hoc|x64.Build.0 = Debug|Any CPU
		{C6E66105-14C0-497F-B993-AEEF14CA73EB}.Ad-Hoc|x86.ActiveCfg = Debug|Any CPU
		{C6E66105-14C0-497F-B993-AEEF14CA73EB}.Ad-Hoc|x86.Build.0 = Debug|Any CPU
		{C6E66105-14C0-497F-B993-AEEF14CA73EB}.AppStore|Any CPU.ActiveCfg = Debug|Any CPU
		{C6E66105-14C0-497F-B993-AEEF14CA73EB}.AppStore|Any CPU.Build.0 = Debug|Any CPU
		{C6E66105-14C0-497F-B993-AEEF14CA73EB}.AppStore|ARM.ActiveCfg = Debug|Any CPU
		{C6E66105-14C0-497F-B993-AEEF14CA73EB}.AppStore|ARM.Build.0 = Debug|Any CPU
		{C6E66105-14C0-497F-B993-AEEF14CA73EB}.AppStore|ARM64.ActiveCfg = Debug|Any CPU
		{C6E66105-14C0-497F-B993-AEEF14CA73EB}.AppStore|ARM64.Build.0 = Debug|Any CPU
		{C6E66105-14C0-497F-B993-AEEF14CA73EB}.AppStore|iPhone.ActiveCfg = Debug|Any CPU
		{C6E66105-14C0-497F-B993-AEEF14CA73EB}.AppStore|iPhone.Build.0 = Debug|Any CPU
		{C6E66105-14C0-497F-B993-AEEF14CA73EB}.AppStore|iPhoneSimulator.ActiveCfg = Debug|Any CPU
		{C6E66105-14C0-497F-B993-AEEF14CA73EB}.AppStore|iPhoneSimulator.Build.0 = Debug|Any CPU
		{C6E66105-14C0-497F-B993-AEEF14CA73EB}.AppStore|x64.ActiveCfg = Debug|Any CPU
		{C6E66105-14C0-497F-B993-AEEF14CA73EB}.AppStore|x64.Build.0 = Debug|Any CPU
		{C6E66105-14C0-497F-B993-AEEF14CA73EB}.AppStore|x86.ActiveCfg = Debug|Any CPU
		{C6E66105-14C0-497F-B993-AEEF14CA73EB}.AppStore|x86.Build.0 = Debug|Any CPU
		{C6E66105-14C0-497F-B993-AEEF14CA73EB}.Debug|Any CPU.ActiveCfg = Debug|Any CPU
		{C6E66105-14C0-497F-B993-AEEF14CA73EB}.Debug|Any CPU.Build.0 = Debug|Any CPU
		{C6E66105-14C0-497F-B993-AEEF14CA73EB}.Debug|ARM.ActiveCfg = Debug|Any CPU
		{C6E66105-14C0-497F-B993-AEEF14CA73EB}.Debug|ARM.Build.0 = Debug|Any CPU
		{C6E66105-14C0-497F-B993-AEEF14CA73EB}.Debug|ARM64.ActiveCfg = Debug|Any CPU
		{C6E66105-14C0-497F-B993-AEEF14CA73EB}.Debug|ARM64.Build.0 = Debug|Any CPU
		{C6E66105-14C0-497F-B993-AEEF14CA73EB}.Debug|iPhone.ActiveCfg = Debug|Any CPU
		{C6E66105-14C0-497F-B993-AEEF14CA73EB}.Debug|iPhone.Build.0 = Debug|Any CPU
		{C6E66105-14C0-497F-B993-AEEF14CA73EB}.Debug|iPhoneSimulator.ActiveCfg = Debug|Any CPU
		{C6E66105-14C0-497F-B993-AEEF14CA73EB}.Debug|iPhoneSimulator.Build.0 = Debug|Any CPU
		{C6E66105-14C0-497F-B993-AEEF14CA73EB}.Debug|x64.ActiveCfg = Debug|Any CPU
		{C6E66105-14C0-497F-B993-AEEF14CA73EB}.Debug|x64.Build.0 = Debug|Any CPU
		{C6E66105-14C0-497F-B993-AEEF14CA73EB}.Debug|x86.ActiveCfg = Debug|Any CPU
		{C6E66105-14C0-497F-B993-AEEF14CA73EB}.Debug|x86.Build.0 = Debug|Any CPU
		{C6E66105-14C0-497F-B993-AEEF14CA73EB}.Release|Any CPU.ActiveCfg = Release|Any CPU
		{C6E66105-14C0-497F-B993-AEEF14CA73EB}.Release|Any CPU.Build.0 = Release|Any CPU
		{C6E66105-14C0-497F-B993-AEEF14CA73EB}.Release|ARM.ActiveCfg = Release|Any CPU
		{C6E66105-14C0-497F-B993-AEEF14CA73EB}.Release|ARM.Build.0 = Release|Any CPU
		{C6E66105-14C0-497F-B993-AEEF14CA73EB}.Release|ARM64.ActiveCfg = Release|Any CPU
		{C6E66105-14C0-497F-B993-AEEF14CA73EB}.Release|ARM64.Build.0 = Release|Any CPU
		{C6E66105-14C0-497F-B993-AEEF14CA73EB}.Release|iPhone.ActiveCfg = Release|Any CPU
		{C6E66105-14C0-497F-B993-AEEF14CA73EB}.Release|iPhone.Build.0 = Release|Any CPU
		{C6E66105-14C0-497F-B993-AEEF14CA73EB}.Release|iPhoneSimulator.ActiveCfg = Release|Any CPU
		{C6E66105-14C0-497F-B993-AEEF14CA73EB}.Release|iPhoneSimulator.Build.0 = Release|Any CPU
		{C6E66105-14C0-497F-B993-AEEF14CA73EB}.Release|x64.ActiveCfg = Release|Any CPU
		{C6E66105-14C0-497F-B993-AEEF14CA73EB}.Release|x64.Build.0 = Release|Any CPU
		{C6E66105-14C0-497F-B993-AEEF14CA73EB}.Release|x86.ActiveCfg = Release|Any CPU
		{C6E66105-14C0-497F-B993-AEEF14CA73EB}.Release|x86.Build.0 = Release|Any CPU
		{9FA1B22D-D060-47FE-A119-FC35895D5ADF}.Ad-Hoc|Any CPU.ActiveCfg = Debug|iPhoneSimulator
		{9FA1B22D-D060-47FE-A119-FC35895D5ADF}.Ad-Hoc|Any CPU.Build.0 = Debug|iPhoneSimulator
		{9FA1B22D-D060-47FE-A119-FC35895D5ADF}.Ad-Hoc|ARM.ActiveCfg = Debug|iPhoneSimulator
		{9FA1B22D-D060-47FE-A119-FC35895D5ADF}.Ad-Hoc|ARM.Build.0 = Debug|iPhoneSimulator
		{9FA1B22D-D060-47FE-A119-FC35895D5ADF}.Ad-Hoc|ARM64.ActiveCfg = Debug|iPhoneSimulator
		{9FA1B22D-D060-47FE-A119-FC35895D5ADF}.Ad-Hoc|ARM64.Build.0 = Debug|iPhoneSimulator
		{9FA1B22D-D060-47FE-A119-FC35895D5ADF}.Ad-Hoc|iPhone.ActiveCfg = Debug|iPhoneSimulator
		{9FA1B22D-D060-47FE-A119-FC35895D5ADF}.Ad-Hoc|iPhone.Build.0 = Debug|iPhoneSimulator
		{9FA1B22D-D060-47FE-A119-FC35895D5ADF}.Ad-Hoc|iPhoneSimulator.ActiveCfg = Debug|iPhoneSimulator
		{9FA1B22D-D060-47FE-A119-FC35895D5ADF}.Ad-Hoc|iPhoneSimulator.Build.0 = Debug|iPhoneSimulator
		{9FA1B22D-D060-47FE-A119-FC35895D5ADF}.Ad-Hoc|x64.ActiveCfg = Debug|iPhoneSimulator
		{9FA1B22D-D060-47FE-A119-FC35895D5ADF}.Ad-Hoc|x64.Build.0 = Debug|iPhoneSimulator
		{9FA1B22D-D060-47FE-A119-FC35895D5ADF}.Ad-Hoc|x86.ActiveCfg = Debug|iPhoneSimulator
		{9FA1B22D-D060-47FE-A119-FC35895D5ADF}.Ad-Hoc|x86.Build.0 = Debug|iPhoneSimulator
		{9FA1B22D-D060-47FE-A119-FC35895D5ADF}.AppStore|Any CPU.ActiveCfg = Debug|iPhoneSimulator
		{9FA1B22D-D060-47FE-A119-FC35895D5ADF}.AppStore|Any CPU.Build.0 = Debug|iPhoneSimulator
		{9FA1B22D-D060-47FE-A119-FC35895D5ADF}.AppStore|ARM.ActiveCfg = Debug|iPhoneSimulator
		{9FA1B22D-D060-47FE-A119-FC35895D5ADF}.AppStore|ARM.Build.0 = Debug|iPhoneSimulator
		{9FA1B22D-D060-47FE-A119-FC35895D5ADF}.AppStore|ARM64.ActiveCfg = Debug|iPhoneSimulator
		{9FA1B22D-D060-47FE-A119-FC35895D5ADF}.AppStore|ARM64.Build.0 = Debug|iPhoneSimulator
		{9FA1B22D-D060-47FE-A119-FC35895D5ADF}.AppStore|iPhone.ActiveCfg = Debug|iPhoneSimulator
		{9FA1B22D-D060-47FE-A119-FC35895D5ADF}.AppStore|iPhone.Build.0 = Debug|iPhoneSimulator
		{9FA1B22D-D060-47FE-A119-FC35895D5ADF}.AppStore|iPhoneSimulator.ActiveCfg = Debug|iPhoneSimulator
		{9FA1B22D-D060-47FE-A119-FC35895D5ADF}.AppStore|iPhoneSimulator.Build.0 = Debug|iPhoneSimulator
		{9FA1B22D-D060-47FE-A119-FC35895D5ADF}.AppStore|x64.ActiveCfg = Debug|iPhoneSimulator
		{9FA1B22D-D060-47FE-A119-FC35895D5ADF}.AppStore|x64.Build.0 = Debug|iPhoneSimulator
		{9FA1B22D-D060-47FE-A119-FC35895D5ADF}.AppStore|x86.ActiveCfg = Debug|iPhoneSimulator
		{9FA1B22D-D060-47FE-A119-FC35895D5ADF}.AppStore|x86.Build.0 = Debug|iPhoneSimulator
		{9FA1B22D-D060-47FE-A119-FC35895D5ADF}.Debug|Any CPU.ActiveCfg = Debug|iPhoneSimulator
		{9FA1B22D-D060-47FE-A119-FC35895D5ADF}.Debug|ARM.ActiveCfg = Debug|iPhoneSimulator
		{9FA1B22D-D060-47FE-A119-FC35895D5ADF}.Debug|ARM64.ActiveCfg = Debug|iPhoneSimulator
		{9FA1B22D-D060-47FE-A119-FC35895D5ADF}.Debug|iPhone.ActiveCfg = Debug|iPhoneSimulator
		{9FA1B22D-D060-47FE-A119-FC35895D5ADF}.Debug|iPhoneSimulator.ActiveCfg = Debug|iPhoneSimulator
		{9FA1B22D-D060-47FE-A119-FC35895D5ADF}.Debug|iPhoneSimulator.Build.0 = Debug|iPhoneSimulator
		{9FA1B22D-D060-47FE-A119-FC35895D5ADF}.Debug|x64.ActiveCfg = Debug|iPhoneSimulator
		{9FA1B22D-D060-47FE-A119-FC35895D5ADF}.Debug|x86.ActiveCfg = Debug|iPhoneSimulator
		{9FA1B22D-D060-47FE-A119-FC35895D5ADF}.Release|Any CPU.ActiveCfg = Release|iPhoneSimulator
		{9FA1B22D-D060-47FE-A119-FC35895D5ADF}.Release|ARM.ActiveCfg = Release|iPhoneSimulator
		{9FA1B22D-D060-47FE-A119-FC35895D5ADF}.Release|ARM64.ActiveCfg = Release|iPhoneSimulator
		{9FA1B22D-D060-47FE-A119-FC35895D5ADF}.Release|iPhone.ActiveCfg = Release|iPhoneSimulator
		{9FA1B22D-D060-47FE-A119-FC35895D5ADF}.Release|iPhoneSimulator.ActiveCfg = Release|iPhoneSimulator
		{9FA1B22D-D060-47FE-A119-FC35895D5ADF}.Release|iPhoneSimulator.Build.0 = Release|iPhoneSimulator
		{9FA1B22D-D060-47FE-A119-FC35895D5ADF}.Release|x64.ActiveCfg = Release|iPhoneSimulator
		{9FA1B22D-D060-47FE-A119-FC35895D5ADF}.Release|x86.ActiveCfg = Release|iPhoneSimulator
		{4A0AA4FD-A889-4236-87BD-D2D4FB03C6F0}.Ad-Hoc|Any CPU.ActiveCfg = Debug|Any CPU
		{4A0AA4FD-A889-4236-87BD-D2D4FB03C6F0}.Ad-Hoc|Any CPU.Build.0 = Debug|Any CPU
		{4A0AA4FD-A889-4236-87BD-D2D4FB03C6F0}.Ad-Hoc|ARM.ActiveCfg = Debug|Any CPU
		{4A0AA4FD-A889-4236-87BD-D2D4FB03C6F0}.Ad-Hoc|ARM.Build.0 = Debug|Any CPU
		{4A0AA4FD-A889-4236-87BD-D2D4FB03C6F0}.Ad-Hoc|ARM64.ActiveCfg = Debug|Any CPU
		{4A0AA4FD-A889-4236-87BD-D2D4FB03C6F0}.Ad-Hoc|ARM64.Build.0 = Debug|Any CPU
		{4A0AA4FD-A889-4236-87BD-D2D4FB03C6F0}.Ad-Hoc|iPhone.ActiveCfg = Debug|Any CPU
		{4A0AA4FD-A889-4236-87BD-D2D4FB03C6F0}.Ad-Hoc|iPhone.Build.0 = Debug|Any CPU
		{4A0AA4FD-A889-4236-87BD-D2D4FB03C6F0}.Ad-Hoc|iPhoneSimulator.ActiveCfg = Debug|Any CPU
		{4A0AA4FD-A889-4236-87BD-D2D4FB03C6F0}.Ad-Hoc|iPhoneSimulator.Build.0 = Debug|Any CPU
		{4A0AA4FD-A889-4236-87BD-D2D4FB03C6F0}.Ad-Hoc|x64.ActiveCfg = Debug|Any CPU
		{4A0AA4FD-A889-4236-87BD-D2D4FB03C6F0}.Ad-Hoc|x64.Build.0 = Debug|Any CPU
		{4A0AA4FD-A889-4236-87BD-D2D4FB03C6F0}.Ad-Hoc|x86.ActiveCfg = Debug|Any CPU
		{4A0AA4FD-A889-4236-87BD-D2D4FB03C6F0}.Ad-Hoc|x86.Build.0 = Debug|Any CPU
		{4A0AA4FD-A889-4236-87BD-D2D4FB03C6F0}.AppStore|Any CPU.ActiveCfg = Debug|Any CPU
		{4A0AA4FD-A889-4236-87BD-D2D4FB03C6F0}.AppStore|Any CPU.Build.0 = Debug|Any CPU
		{4A0AA4FD-A889-4236-87BD-D2D4FB03C6F0}.AppStore|ARM.ActiveCfg = Debug|Any CPU
		{4A0AA4FD-A889-4236-87BD-D2D4FB03C6F0}.AppStore|ARM.Build.0 = Debug|Any CPU
		{4A0AA4FD-A889-4236-87BD-D2D4FB03C6F0}.AppStore|ARM64.ActiveCfg = Debug|Any CPU
		{4A0AA4FD-A889-4236-87BD-D2D4FB03C6F0}.AppStore|ARM64.Build.0 = Debug|Any CPU
		{4A0AA4FD-A889-4236-87BD-D2D4FB03C6F0}.AppStore|iPhone.ActiveCfg = Debug|Any CPU
		{4A0AA4FD-A889-4236-87BD-D2D4FB03C6F0}.AppStore|iPhone.Build.0 = Debug|Any CPU
		{4A0AA4FD-A889-4236-87BD-D2D4FB03C6F0}.AppStore|iPhoneSimulator.ActiveCfg = Debug|Any CPU
		{4A0AA4FD-A889-4236-87BD-D2D4FB03C6F0}.AppStore|iPhoneSimulator.Build.0 = Debug|Any CPU
		{4A0AA4FD-A889-4236-87BD-D2D4FB03C6F0}.AppStore|x64.ActiveCfg = Debug|Any CPU
		{4A0AA4FD-A889-4236-87BD-D2D4FB03C6F0}.AppStore|x64.Build.0 = Debug|Any CPU
		{4A0AA4FD-A889-4236-87BD-D2D4FB03C6F0}.AppStore|x86.ActiveCfg = Debug|Any CPU
		{4A0AA4FD-A889-4236-87BD-D2D4FB03C6F0}.AppStore|x86.Build.0 = Debug|Any CPU
		{4A0AA4FD-A889-4236-87BD-D2D4FB03C6F0}.Debug|Any CPU.ActiveCfg = Debug|Any CPU
		{4A0AA4FD-A889-4236-87BD-D2D4FB03C6F0}.Debug|Any CPU.Build.0 = Debug|Any CPU
		{4A0AA4FD-A889-4236-87BD-D2D4FB03C6F0}.Debug|ARM.ActiveCfg = Debug|Any CPU
		{4A0AA4FD-A889-4236-87BD-D2D4FB03C6F0}.Debug|ARM.Build.0 = Debug|Any CPU
		{4A0AA4FD-A889-4236-87BD-D2D4FB03C6F0}.Debug|ARM64.ActiveCfg = Debug|Any CPU
		{4A0AA4FD-A889-4236-87BD-D2D4FB03C6F0}.Debug|ARM64.Build.0 = Debug|Any CPU
		{4A0AA4FD-A889-4236-87BD-D2D4FB03C6F0}.Debug|iPhone.ActiveCfg = Debug|Any CPU
		{4A0AA4FD-A889-4236-87BD-D2D4FB03C6F0}.Debug|iPhone.Build.0 = Debug|Any CPU
		{4A0AA4FD-A889-4236-87BD-D2D4FB03C6F0}.Debug|iPhoneSimulator.ActiveCfg = Debug|Any CPU
		{4A0AA4FD-A889-4236-87BD-D2D4FB03C6F0}.Debug|iPhoneSimulator.Build.0 = Debug|Any CPU
		{4A0AA4FD-A889-4236-87BD-D2D4FB03C6F0}.Debug|x64.ActiveCfg = Debug|Any CPU
		{4A0AA4FD-A889-4236-87BD-D2D4FB03C6F0}.Debug|x64.Build.0 = Debug|Any CPU
		{4A0AA4FD-A889-4236-87BD-D2D4FB03C6F0}.Debug|x86.ActiveCfg = Debug|Any CPU
		{4A0AA4FD-A889-4236-87BD-D2D4FB03C6F0}.Debug|x86.Build.0 = Debug|Any CPU
		{4A0AA4FD-A889-4236-87BD-D2D4FB03C6F0}.Release|Any CPU.ActiveCfg = Release|Any CPU
		{4A0AA4FD-A889-4236-87BD-D2D4FB03C6F0}.Release|Any CPU.Build.0 = Release|Any CPU
		{4A0AA4FD-A889-4236-87BD-D2D4FB03C6F0}.Release|ARM.ActiveCfg = Release|Any CPU
		{4A0AA4FD-A889-4236-87BD-D2D4FB03C6F0}.Release|ARM.Build.0 = Release|Any CPU
		{4A0AA4FD-A889-4236-87BD-D2D4FB03C6F0}.Release|ARM64.ActiveCfg = Release|Any CPU
		{4A0AA4FD-A889-4236-87BD-D2D4FB03C6F0}.Release|ARM64.Build.0 = Release|Any CPU
		{4A0AA4FD-A889-4236-87BD-D2D4FB03C6F0}.Release|iPhone.ActiveCfg = Release|Any CPU
		{4A0AA4FD-A889-4236-87BD-D2D4FB03C6F0}.Release|iPhone.Build.0 = Release|Any CPU
		{4A0AA4FD-A889-4236-87BD-D2D4FB03C6F0}.Release|iPhoneSimulator.ActiveCfg = Release|Any CPU
		{4A0AA4FD-A889-4236-87BD-D2D4FB03C6F0}.Release|iPhoneSimulator.Build.0 = Release|Any CPU
		{4A0AA4FD-A889-4236-87BD-D2D4FB03C6F0}.Release|x64.ActiveCfg = Release|Any CPU
		{4A0AA4FD-A889-4236-87BD-D2D4FB03C6F0}.Release|x64.Build.0 = Release|Any CPU
		{4A0AA4FD-A889-4236-87BD-D2D4FB03C6F0}.Release|x86.ActiveCfg = Release|Any CPU
		{4A0AA4FD-A889-4236-87BD-D2D4FB03C6F0}.Release|x86.Build.0 = Release|Any CPU
		{4709F57E-503F-411F-B5CC-A071A6F17268}.Ad-Hoc|Any CPU.ActiveCfg = Debug|Any CPU
		{4709F57E-503F-411F-B5CC-A071A6F17268}.Ad-Hoc|Any CPU.Build.0 = Debug|Any CPU
		{4709F57E-503F-411F-B5CC-A071A6F17268}.Ad-Hoc|ARM.ActiveCfg = Debug|Any CPU
		{4709F57E-503F-411F-B5CC-A071A6F17268}.Ad-Hoc|ARM.Build.0 = Debug|Any CPU
		{4709F57E-503F-411F-B5CC-A071A6F17268}.Ad-Hoc|ARM64.ActiveCfg = Debug|Any CPU
		{4709F57E-503F-411F-B5CC-A071A6F17268}.Ad-Hoc|ARM64.Build.0 = Debug|Any CPU
		{4709F57E-503F-411F-B5CC-A071A6F17268}.Ad-Hoc|iPhone.ActiveCfg = Debug|Any CPU
		{4709F57E-503F-411F-B5CC-A071A6F17268}.Ad-Hoc|iPhone.Build.0 = Debug|Any CPU
		{4709F57E-503F-411F-B5CC-A071A6F17268}.Ad-Hoc|iPhoneSimulator.ActiveCfg = Debug|Any CPU
		{4709F57E-503F-411F-B5CC-A071A6F17268}.Ad-Hoc|iPhoneSimulator.Build.0 = Debug|Any CPU
		{4709F57E-503F-411F-B5CC-A071A6F17268}.Ad-Hoc|x64.ActiveCfg = Debug|Any CPU
		{4709F57E-503F-411F-B5CC-A071A6F17268}.Ad-Hoc|x64.Build.0 = Debug|Any CPU
		{4709F57E-503F-411F-B5CC-A071A6F17268}.Ad-Hoc|x86.ActiveCfg = Debug|Any CPU
		{4709F57E-503F-411F-B5CC-A071A6F17268}.Ad-Hoc|x86.Build.0 = Debug|Any CPU
		{4709F57E-503F-411F-B5CC-A071A6F17268}.AppStore|Any CPU.ActiveCfg = Debug|Any CPU
		{4709F57E-503F-411F-B5CC-A071A6F17268}.AppStore|Any CPU.Build.0 = Debug|Any CPU
		{4709F57E-503F-411F-B5CC-A071A6F17268}.AppStore|ARM.ActiveCfg = Debug|Any CPU
		{4709F57E-503F-411F-B5CC-A071A6F17268}.AppStore|ARM.Build.0 = Debug|Any CPU
		{4709F57E-503F-411F-B5CC-A071A6F17268}.AppStore|ARM64.ActiveCfg = Debug|Any CPU
		{4709F57E-503F-411F-B5CC-A071A6F17268}.AppStore|ARM64.Build.0 = Debug|Any CPU
		{4709F57E-503F-411F-B5CC-A071A6F17268}.AppStore|iPhone.ActiveCfg = Debug|Any CPU
		{4709F57E-503F-411F-B5CC-A071A6F17268}.AppStore|iPhone.Build.0 = Debug|Any CPU
		{4709F57E-503F-411F-B5CC-A071A6F17268}.AppStore|iPhoneSimulator.ActiveCfg = Debug|Any CPU
		{4709F57E-503F-411F-B5CC-A071A6F17268}.AppStore|iPhoneSimulator.Build.0 = Debug|Any CPU
		{4709F57E-503F-411F-B5CC-A071A6F17268}.AppStore|x64.ActiveCfg = Debug|Any CPU
		{4709F57E-503F-411F-B5CC-A071A6F17268}.AppStore|x64.Build.0 = Debug|Any CPU
		{4709F57E-503F-411F-B5CC-A071A6F17268}.AppStore|x86.ActiveCfg = Debug|Any CPU
		{4709F57E-503F-411F-B5CC-A071A6F17268}.AppStore|x86.Build.0 = Debug|Any CPU
		{4709F57E-503F-411F-B5CC-A071A6F17268}.Debug|Any CPU.ActiveCfg = Debug|Any CPU
		{4709F57E-503F-411F-B5CC-A071A6F17268}.Debug|Any CPU.Build.0 = Debug|Any CPU
		{4709F57E-503F-411F-B5CC-A071A6F17268}.Debug|ARM.ActiveCfg = Debug|Any CPU
		{4709F57E-503F-411F-B5CC-A071A6F17268}.Debug|ARM.Build.0 = Debug|Any CPU
		{4709F57E-503F-411F-B5CC-A071A6F17268}.Debug|ARM64.ActiveCfg = Debug|Any CPU
		{4709F57E-503F-411F-B5CC-A071A6F17268}.Debug|ARM64.Build.0 = Debug|Any CPU
		{4709F57E-503F-411F-B5CC-A071A6F17268}.Debug|iPhone.ActiveCfg = Debug|Any CPU
		{4709F57E-503F-411F-B5CC-A071A6F17268}.Debug|iPhone.Build.0 = Debug|Any CPU
		{4709F57E-503F-411F-B5CC-A071A6F17268}.Debug|iPhoneSimulator.ActiveCfg = Debug|Any CPU
		{4709F57E-503F-411F-B5CC-A071A6F17268}.Debug|iPhoneSimulator.Build.0 = Debug|Any CPU
		{4709F57E-503F-411F-B5CC-A071A6F17268}.Debug|x64.ActiveCfg = Debug|Any CPU
		{4709F57E-503F-411F-B5CC-A071A6F17268}.Debug|x64.Build.0 = Debug|Any CPU
		{4709F57E-503F-411F-B5CC-A071A6F17268}.Debug|x86.ActiveCfg = Debug|Any CPU
		{4709F57E-503F-411F-B5CC-A071A6F17268}.Debug|x86.Build.0 = Debug|Any CPU
		{4709F57E-503F-411F-B5CC-A071A6F17268}.Release|Any CPU.ActiveCfg = Release|Any CPU
		{4709F57E-503F-411F-B5CC-A071A6F17268}.Release|Any CPU.Build.0 = Release|Any CPU
		{4709F57E-503F-411F-B5CC-A071A6F17268}.Release|ARM.ActiveCfg = Release|Any CPU
		{4709F57E-503F-411F-B5CC-A071A6F17268}.Release|ARM.Build.0 = Release|Any CPU
		{4709F57E-503F-411F-B5CC-A071A6F17268}.Release|ARM64.ActiveCfg = Release|Any CPU
		{4709F57E-503F-411F-B5CC-A071A6F17268}.Release|ARM64.Build.0 = Release|Any CPU
		{4709F57E-503F-411F-B5CC-A071A6F17268}.Release|iPhone.ActiveCfg = Release|Any CPU
		{4709F57E-503F-411F-B5CC-A071A6F17268}.Release|iPhone.Build.0 = Release|Any CPU
		{4709F57E-503F-411F-B5CC-A071A6F17268}.Release|iPhoneSimulator.ActiveCfg = Release|Any CPU
		{4709F57E-503F-411F-B5CC-A071A6F17268}.Release|iPhoneSimulator.Build.0 = Release|Any CPU
		{4709F57E-503F-411F-B5CC-A071A6F17268}.Release|x64.ActiveCfg = Release|Any CPU
		{4709F57E-503F-411F-B5CC-A071A6F17268}.Release|x64.Build.0 = Release|Any CPU
		{4709F57E-503F-411F-B5CC-A071A6F17268}.Release|x86.ActiveCfg = Release|Any CPU
		{4709F57E-503F-411F-B5CC-A071A6F17268}.Release|x86.Build.0 = Release|Any CPU
		{1F14DB1C-3893-4E79-9BE8-14BB8285ADFF}.Ad-Hoc|Any CPU.ActiveCfg = Debug|Any CPU
		{1F14DB1C-3893-4E79-9BE8-14BB8285ADFF}.Ad-Hoc|Any CPU.Build.0 = Debug|Any CPU
		{1F14DB1C-3893-4E79-9BE8-14BB8285ADFF}.Ad-Hoc|ARM.ActiveCfg = Debug|Any CPU
		{1F14DB1C-3893-4E79-9BE8-14BB8285ADFF}.Ad-Hoc|ARM.Build.0 = Debug|Any CPU
		{1F14DB1C-3893-4E79-9BE8-14BB8285ADFF}.Ad-Hoc|ARM64.ActiveCfg = Debug|Any CPU
		{1F14DB1C-3893-4E79-9BE8-14BB8285ADFF}.Ad-Hoc|ARM64.Build.0 = Debug|Any CPU
		{1F14DB1C-3893-4E79-9BE8-14BB8285ADFF}.Ad-Hoc|iPhone.ActiveCfg = Debug|Any CPU
		{1F14DB1C-3893-4E79-9BE8-14BB8285ADFF}.Ad-Hoc|iPhone.Build.0 = Debug|Any CPU
		{1F14DB1C-3893-4E79-9BE8-14BB8285ADFF}.Ad-Hoc|iPhoneSimulator.ActiveCfg = Debug|Any CPU
		{1F14DB1C-3893-4E79-9BE8-14BB8285ADFF}.Ad-Hoc|iPhoneSimulator.Build.0 = Debug|Any CPU
		{1F14DB1C-3893-4E79-9BE8-14BB8285ADFF}.Ad-Hoc|x64.ActiveCfg = Debug|Any CPU
		{1F14DB1C-3893-4E79-9BE8-14BB8285ADFF}.Ad-Hoc|x64.Build.0 = Debug|Any CPU
		{1F14DB1C-3893-4E79-9BE8-14BB8285ADFF}.Ad-Hoc|x86.ActiveCfg = Debug|Any CPU
		{1F14DB1C-3893-4E79-9BE8-14BB8285ADFF}.Ad-Hoc|x86.Build.0 = Debug|Any CPU
		{1F14DB1C-3893-4E79-9BE8-14BB8285ADFF}.AppStore|Any CPU.ActiveCfg = Debug|Any CPU
		{1F14DB1C-3893-4E79-9BE8-14BB8285ADFF}.AppStore|Any CPU.Build.0 = Debug|Any CPU
		{1F14DB1C-3893-4E79-9BE8-14BB8285ADFF}.AppStore|ARM.ActiveCfg = Debug|Any CPU
		{1F14DB1C-3893-4E79-9BE8-14BB8285ADFF}.AppStore|ARM.Build.0 = Debug|Any CPU
		{1F14DB1C-3893-4E79-9BE8-14BB8285ADFF}.AppStore|ARM64.ActiveCfg = Debug|Any CPU
		{1F14DB1C-3893-4E79-9BE8-14BB8285ADFF}.AppStore|ARM64.Build.0 = Debug|Any CPU
		{1F14DB1C-3893-4E79-9BE8-14BB8285ADFF}.AppStore|iPhone.ActiveCfg = Debug|Any CPU
		{1F14DB1C-3893-4E79-9BE8-14BB8285ADFF}.AppStore|iPhone.Build.0 = Debug|Any CPU
		{1F14DB1C-3893-4E79-9BE8-14BB8285ADFF}.AppStore|iPhoneSimulator.ActiveCfg = Debug|Any CPU
		{1F14DB1C-3893-4E79-9BE8-14BB8285ADFF}.AppStore|iPhoneSimulator.Build.0 = Debug|Any CPU
		{1F14DB1C-3893-4E79-9BE8-14BB8285ADFF}.AppStore|x64.ActiveCfg = Debug|Any CPU
		{1F14DB1C-3893-4E79-9BE8-14BB8285ADFF}.AppStore|x64.Build.0 = Debug|Any CPU
		{1F14DB1C-3893-4E79-9BE8-14BB8285ADFF}.AppStore|x86.ActiveCfg = Debug|Any CPU
		{1F14DB1C-3893-4E79-9BE8-14BB8285ADFF}.AppStore|x86.Build.0 = Debug|Any CPU
		{1F14DB1C-3893-4E79-9BE8-14BB8285ADFF}.Debug|Any CPU.ActiveCfg = Debug|Any CPU
		{1F14DB1C-3893-4E79-9BE8-14BB8285ADFF}.Debug|Any CPU.Build.0 = Debug|Any CPU
		{1F14DB1C-3893-4E79-9BE8-14BB8285ADFF}.Debug|ARM.ActiveCfg = Debug|Any CPU
		{1F14DB1C-3893-4E79-9BE8-14BB8285ADFF}.Debug|ARM.Build.0 = Debug|Any CPU
		{1F14DB1C-3893-4E79-9BE8-14BB8285ADFF}.Debug|ARM64.ActiveCfg = Debug|Any CPU
		{1F14DB1C-3893-4E79-9BE8-14BB8285ADFF}.Debug|ARM64.Build.0 = Debug|Any CPU
		{1F14DB1C-3893-4E79-9BE8-14BB8285ADFF}.Debug|iPhone.ActiveCfg = Debug|Any CPU
		{1F14DB1C-3893-4E79-9BE8-14BB8285ADFF}.Debug|iPhone.Build.0 = Debug|Any CPU
		{1F14DB1C-3893-4E79-9BE8-14BB8285ADFF}.Debug|iPhoneSimulator.ActiveCfg = Debug|Any CPU
		{1F14DB1C-3893-4E79-9BE8-14BB8285ADFF}.Debug|iPhoneSimulator.Build.0 = Debug|Any CPU
		{1F14DB1C-3893-4E79-9BE8-14BB8285ADFF}.Debug|x64.ActiveCfg = Debug|Any CPU
		{1F14DB1C-3893-4E79-9BE8-14BB8285ADFF}.Debug|x64.Build.0 = Debug|Any CPU
		{1F14DB1C-3893-4E79-9BE8-14BB8285ADFF}.Debug|x86.ActiveCfg = Debug|Any CPU
		{1F14DB1C-3893-4E79-9BE8-14BB8285ADFF}.Debug|x86.Build.0 = Debug|Any CPU
		{1F14DB1C-3893-4E79-9BE8-14BB8285ADFF}.Release|Any CPU.ActiveCfg = Release|Any CPU
		{1F14DB1C-3893-4E79-9BE8-14BB8285ADFF}.Release|Any CPU.Build.0 = Release|Any CPU
		{1F14DB1C-3893-4E79-9BE8-14BB8285ADFF}.Release|ARM.ActiveCfg = Release|Any CPU
		{1F14DB1C-3893-4E79-9BE8-14BB8285ADFF}.Release|ARM.Build.0 = Release|Any CPU
		{1F14DB1C-3893-4E79-9BE8-14BB8285ADFF}.Release|ARM64.ActiveCfg = Release|Any CPU
		{1F14DB1C-3893-4E79-9BE8-14BB8285ADFF}.Release|ARM64.Build.0 = Release|Any CPU
		{1F14DB1C-3893-4E79-9BE8-14BB8285ADFF}.Release|iPhone.ActiveCfg = Release|Any CPU
		{1F14DB1C-3893-4E79-9BE8-14BB8285ADFF}.Release|iPhone.Build.0 = Release|Any CPU
		{1F14DB1C-3893-4E79-9BE8-14BB8285ADFF}.Release|iPhoneSimulator.ActiveCfg = Release|Any CPU
		{1F14DB1C-3893-4E79-9BE8-14BB8285ADFF}.Release|iPhoneSimulator.Build.0 = Release|Any CPU
		{1F14DB1C-3893-4E79-9BE8-14BB8285ADFF}.Release|x64.ActiveCfg = Release|Any CPU
		{1F14DB1C-3893-4E79-9BE8-14BB8285ADFF}.Release|x64.Build.0 = Release|Any CPU
		{1F14DB1C-3893-4E79-9BE8-14BB8285ADFF}.Release|x86.ActiveCfg = Release|Any CPU
		{1F14DB1C-3893-4E79-9BE8-14BB8285ADFF}.Release|x86.Build.0 = Release|Any CPU
		{28DC60A1-F6CE-4EE3-A65C-EEA4D70B14A4}.Ad-Hoc|Any CPU.ActiveCfg = Debug|Any CPU
		{28DC60A1-F6CE-4EE3-A65C-EEA4D70B14A4}.Ad-Hoc|Any CPU.Build.0 = Debug|Any CPU
		{28DC60A1-F6CE-4EE3-A65C-EEA4D70B14A4}.Ad-Hoc|ARM.ActiveCfg = Debug|Any CPU
		{28DC60A1-F6CE-4EE3-A65C-EEA4D70B14A4}.Ad-Hoc|ARM.Build.0 = Debug|Any CPU
		{28DC60A1-F6CE-4EE3-A65C-EEA4D70B14A4}.Ad-Hoc|ARM64.ActiveCfg = Debug|Any CPU
		{28DC60A1-F6CE-4EE3-A65C-EEA4D70B14A4}.Ad-Hoc|ARM64.Build.0 = Debug|Any CPU
		{28DC60A1-F6CE-4EE3-A65C-EEA4D70B14A4}.Ad-Hoc|iPhone.ActiveCfg = Debug|Any CPU
		{28DC60A1-F6CE-4EE3-A65C-EEA4D70B14A4}.Ad-Hoc|iPhone.Build.0 = Debug|Any CPU
		{28DC60A1-F6CE-4EE3-A65C-EEA4D70B14A4}.Ad-Hoc|iPhoneSimulator.ActiveCfg = Debug|Any CPU
		{28DC60A1-F6CE-4EE3-A65C-EEA4D70B14A4}.Ad-Hoc|iPhoneSimulator.Build.0 = Debug|Any CPU
		{28DC60A1-F6CE-4EE3-A65C-EEA4D70B14A4}.Ad-Hoc|x64.ActiveCfg = Debug|Any CPU
		{28DC60A1-F6CE-4EE3-A65C-EEA4D70B14A4}.Ad-Hoc|x64.Build.0 = Debug|Any CPU
		{28DC60A1-F6CE-4EE3-A65C-EEA4D70B14A4}.Ad-Hoc|x86.ActiveCfg = Debug|Any CPU
		{28DC60A1-F6CE-4EE3-A65C-EEA4D70B14A4}.Ad-Hoc|x86.Build.0 = Debug|Any CPU
		{28DC60A1-F6CE-4EE3-A65C-EEA4D70B14A4}.AppStore|Any CPU.ActiveCfg = Debug|Any CPU
		{28DC60A1-F6CE-4EE3-A65C-EEA4D70B14A4}.AppStore|Any CPU.Build.0 = Debug|Any CPU
		{28DC60A1-F6CE-4EE3-A65C-EEA4D70B14A4}.AppStore|ARM.ActiveCfg = Debug|Any CPU
		{28DC60A1-F6CE-4EE3-A65C-EEA4D70B14A4}.AppStore|ARM.Build.0 = Debug|Any CPU
		{28DC60A1-F6CE-4EE3-A65C-EEA4D70B14A4}.AppStore|ARM64.ActiveCfg = Debug|Any CPU
		{28DC60A1-F6CE-4EE3-A65C-EEA4D70B14A4}.AppStore|ARM64.Build.0 = Debug|Any CPU
		{28DC60A1-F6CE-4EE3-A65C-EEA4D70B14A4}.AppStore|iPhone.ActiveCfg = Debug|Any CPU
		{28DC60A1-F6CE-4EE3-A65C-EEA4D70B14A4}.AppStore|iPhone.Build.0 = Debug|Any CPU
		{28DC60A1-F6CE-4EE3-A65C-EEA4D70B14A4}.AppStore|iPhoneSimulator.ActiveCfg = Debug|Any CPU
		{28DC60A1-F6CE-4EE3-A65C-EEA4D70B14A4}.AppStore|iPhoneSimulator.Build.0 = Debug|Any CPU
		{28DC60A1-F6CE-4EE3-A65C-EEA4D70B14A4}.AppStore|x64.ActiveCfg = Debug|Any CPU
		{28DC60A1-F6CE-4EE3-A65C-EEA4D70B14A4}.AppStore|x64.Build.0 = Debug|Any CPU
		{28DC60A1-F6CE-4EE3-A65C-EEA4D70B14A4}.AppStore|x86.ActiveCfg = Debug|Any CPU
		{28DC60A1-F6CE-4EE3-A65C-EEA4D70B14A4}.AppStore|x86.Build.0 = Debug|Any CPU
		{28DC60A1-F6CE-4EE3-A65C-EEA4D70B14A4}.Debug|Any CPU.ActiveCfg = Debug|Any CPU
		{28DC60A1-F6CE-4EE3-A65C-EEA4D70B14A4}.Debug|Any CPU.Build.0 = Debug|Any CPU
		{28DC60A1-F6CE-4EE3-A65C-EEA4D70B14A4}.Debug|ARM.ActiveCfg = Debug|Any CPU
		{28DC60A1-F6CE-4EE3-A65C-EEA4D70B14A4}.Debug|ARM.Build.0 = Debug|Any CPU
		{28DC60A1-F6CE-4EE3-A65C-EEA4D70B14A4}.Debug|ARM64.ActiveCfg = Debug|Any CPU
		{28DC60A1-F6CE-4EE3-A65C-EEA4D70B14A4}.Debug|ARM64.Build.0 = Debug|Any CPU
		{28DC60A1-F6CE-4EE3-A65C-EEA4D70B14A4}.Debug|iPhone.ActiveCfg = Debug|Any CPU
		{28DC60A1-F6CE-4EE3-A65C-EEA4D70B14A4}.Debug|iPhone.Build.0 = Debug|Any CPU
		{28DC60A1-F6CE-4EE3-A65C-EEA4D70B14A4}.Debug|iPhoneSimulator.ActiveCfg = Debug|Any CPU
		{28DC60A1-F6CE-4EE3-A65C-EEA4D70B14A4}.Debug|iPhoneSimulator.Build.0 = Debug|Any CPU
		{28DC60A1-F6CE-4EE3-A65C-EEA4D70B14A4}.Debug|x64.ActiveCfg = Debug|Any CPU
		{28DC60A1-F6CE-4EE3-A65C-EEA4D70B14A4}.Debug|x64.Build.0 = Debug|Any CPU
		{28DC60A1-F6CE-4EE3-A65C-EEA4D70B14A4}.Debug|x86.ActiveCfg = Debug|Any CPU
		{28DC60A1-F6CE-4EE3-A65C-EEA4D70B14A4}.Debug|x86.Build.0 = Debug|Any CPU
		{28DC60A1-F6CE-4EE3-A65C-EEA4D70B14A4}.Release|Any CPU.ActiveCfg = Release|Any CPU
		{28DC60A1-F6CE-4EE3-A65C-EEA4D70B14A4}.Release|Any CPU.Build.0 = Release|Any CPU
		{28DC60A1-F6CE-4EE3-A65C-EEA4D70B14A4}.Release|ARM.ActiveCfg = Release|Any CPU
		{28DC60A1-F6CE-4EE3-A65C-EEA4D70B14A4}.Release|ARM.Build.0 = Release|Any CPU
		{28DC60A1-F6CE-4EE3-A65C-EEA4D70B14A4}.Release|ARM64.ActiveCfg = Release|Any CPU
		{28DC60A1-F6CE-4EE3-A65C-EEA4D70B14A4}.Release|ARM64.Build.0 = Release|Any CPU
		{28DC60A1-F6CE-4EE3-A65C-EEA4D70B14A4}.Release|iPhone.ActiveCfg = Release|Any CPU
		{28DC60A1-F6CE-4EE3-A65C-EEA4D70B14A4}.Release|iPhone.Build.0 = Release|Any CPU
		{28DC60A1-F6CE-4EE3-A65C-EEA4D70B14A4}.Release|iPhoneSimulator.ActiveCfg = Release|Any CPU
		{28DC60A1-F6CE-4EE3-A65C-EEA4D70B14A4}.Release|iPhoneSimulator.Build.0 = Release|Any CPU
		{28DC60A1-F6CE-4EE3-A65C-EEA4D70B14A4}.Release|x64.ActiveCfg = Release|Any CPU
		{28DC60A1-F6CE-4EE3-A65C-EEA4D70B14A4}.Release|x64.Build.0 = Release|Any CPU
		{28DC60A1-F6CE-4EE3-A65C-EEA4D70B14A4}.Release|x86.ActiveCfg = Release|Any CPU
		{28DC60A1-F6CE-4EE3-A65C-EEA4D70B14A4}.Release|x86.Build.0 = Release|Any CPU
	EndGlobalSection
	GlobalSection(SolutionProperties) = preSolution
		HideSolutionNode = FALSE
	EndGlobalSection
	GlobalSection(NestedProjects) = preSolution
		{56D47EBF-B8FA-4F7E-A9EA-7220E80E0D58} = {748DB859-3C63-4E1F-A316-60E374E1F009}
		{6B204364-F1CD-4E72-898A-E048D690F13C} = {748DB859-3C63-4E1F-A316-60E374E1F009}
		{C75DD058-7B7D-4253-8C4A-3D43413A32AE} = {748DB859-3C63-4E1F-A316-60E374E1F009}
		{C6E66105-14C0-497F-B993-AEEF14CA73EB} = {748DB859-3C63-4E1F-A316-60E374E1F009}
		{9FA1B22D-D060-47FE-A119-FC35895D5ADF} = {748DB859-3C63-4E1F-A316-60E374E1F009}
		{4A0AA4FD-A889-4236-87BD-D2D4FB03C6F0} = {748DB859-3C63-4E1F-A316-60E374E1F009}
		{4709F57E-503F-411F-B5CC-A071A6F17268} = {748DB859-3C63-4E1F-A316-60E374E1F009}
		{1F14DB1C-3893-4E79-9BE8-14BB8285ADFF} = {748DB859-3C63-4E1F-A316-60E374E1F009}
		{28DC60A1-F6CE-4EE3-A65C-EEA4D70B14A4} = {748DB859-3C63-4E1F-A316-60E374E1F009}
	EndGlobalSection
	GlobalSection(ExtensibilityGlobals) = postSolution
		SolutionGuid = {58379519-94E2-482D-A365-4FFC196DD6C1}
	EndGlobalSection
EndGlobal
